
Microsoft Visual Studio Solution File, Format Version 11.00
# Visual Studio 2010
# SharpDevelop 4.4
Project("{FD48973F-F585-4F70-812B-4D0503B36CE9}") = "o", "o\o.pyproj", "{15C03C49-FA95-4CCE-9968-0C5BD01CAD7C}"
EndProject
Global
	GlobalSection(SolutionConfigurationPlatforms) = preSolution
		Debug|Any CPU = Debug|Any CPU
		Release|Any CPU = Release|Any CPU
	EndGlobalSection
	GlobalSection(ProjectConfigurationPlatforms) = postSolution
		{15C03C49-FA95-4CCE-9968-0C5BD01CAD7C}.Debug|Any CPU.Build.0 = Debug|Any CPU
		{15C03C49-FA95-4CCE-9968-0C5BD01CAD7C}.Debug|Any CPU.ActiveCfg = Debug|Any CPU
		{15C03C49-FA95-4CCE-9968-0C5BD01CAD7C}.Release|Any CPU.Build.0 = Release|Any CPU
		{15C03C49-FA95-4CCE-9968-0C5BD01CAD7C}.Release|Any CPU.ActiveCfg = Release|Any CPU
	EndGlobalSection
EndGlobal
