
Microsoft Visual Studio Solution File, Format Version 11.00
# Visual Studio 2010
# SharpDevelop 4.4
Project("{FD48973F-F585-4F70-812B-4D0503B36CE9}") = "phone numbers", "phone numbers\phone numbers.pyproj", "{9133BF49-9FD8-4C99-B394-A0997D6606C4}"
EndProject
Global
	GlobalSection(SolutionConfigurationPlatforms) = preSolution
		Debug|Any CPU = Debug|Any CPU
		Release|Any CPU = Release|Any CPU
	EndGlobalSection
	GlobalSection(ProjectConfigurationPlatforms) = postSolution
		{9133BF49-9FD8-4C99-B394-A0997D6606C4}.Debug|Any CPU.Build.0 = Debug|Any CPU
		{9133BF49-9FD8-4C99-B394-A0997D6606C4}.Debug|Any CPU.ActiveCfg = Debug|Any CPU
		{9133BF49-9FD8-4C99-B394-A0997D6606C4}.Release|Any CPU.Build.0 = Release|Any CPU
		{9133BF49-9FD8-4C99-B394-A0997D6606C4}.Release|Any CPU.ActiveCfg = Release|Any CPU
	EndGlobalSection
EndGlobal
